
Microsoft Visual Studio Solution File, Format Version 11.00
# Visual Studio 2010
Project("{FAE04EC0-301F-11D3-BF4B-00C04F79EFBC}") = "PserpisAD", "PserpisAD\PserpisAD.csproj", "{7A477B95-3FD1-4A35-AF47-F65D265EF43E}"
EndProject
Global
	GlobalSection(SolutionConfigurationPlatforms) = preSolution
		Debug|Any CPU = Debug|Any CPU
		Release|Any CPU = Release|Any CPU
	EndGlobalSection
	GlobalSection(ProjectConfigurationPlatforms) = postSolution
		{7A477B95-3FD1-4A35-AF47-F65D265EF43E}.Debug|Any CPU.ActiveCfg = Debug|Any CPU
		{7A477B95-3FD1-4A35-AF47-F65D265EF43E}.Debug|Any CPU.Build.0 = Debug|Any CPU
		{7A477B95-3FD1-4A35-AF47-F65D265EF43E}.Release|Any CPU.ActiveCfg = Release|Any CPU
		{7A477B95-3FD1-4A35-AF47-F65D265EF43E}.Release|Any CPU.Build.0 = Release|Any CPU
	EndGlobalSection
	GlobalSection(MonoDevelopProperties) = preSolution
		StartupItem = PserpisAD\PserpisAD.csproj
	EndGlobalSection
EndGlobal
